
Microsoft Visual Studio Solution File, Format Version 12.00
# Visual Studio Version 17
VisualStudioVersion = 17.9.34607.119
MinimumVisualStudioVersion = 10.0.40219.1
Project("{FAE04EC0-301F-11D3-BF4B-00C04F79EFBC}") = "GetMac", "GetMac\GetMac.csproj", "{C002A7DA-FEFB-4A55-8F54-AE15303553B1}"
EndProject
Global
	GlobalSection(SolutionConfigurationPlatforms) = preSolution
		Debug|Any CPU = Debug|Any CPU
		Release|Any CPU = Release|Any CPU
	EndGlobalSection
	GlobalSection(ProjectConfigurationPlatforms) = postSolution
		{C002A7DA-FEFB-4A55-8F54-AE15303553B1}.Debug|Any CPU.ActiveCfg = Debug|Any CPU
		{C002A7DA-FEFB-4A55-8F54-AE15303553B1}.Debug|Any CPU.Build.0 = Debug|Any CPU
		{C002A7DA-FEFB-4A55-8F54-AE15303553B1}.Release|Any CPU.ActiveCfg = Release|Any CPU
		{C002A7DA-FEFB-4A55-8F54-AE15303553B1}.Release|Any CPU.Build.0 = Release|Any CPU
	EndGlobalSection
	GlobalSection(SolutionProperties) = preSolution
		HideSolutionNode = FALSE
	EndGlobalSection
	GlobalSection(ExtensibilityGlobals) = postSolution
		SolutionGuid = {0B6594B4-A453-4F6F-81FF-ABB7DB0A0E68}
	EndGlobalSection
EndGlobal
