
Microsoft Visual Studio Solution File, Format Version 12.00
# Visual Studio Version 16
VisualStudioVersion = 16.0.30907.101
MinimumVisualStudioVersion = 10.0.40219.1
Project("{FAE04EC0-301F-11D3-BF4B-00C04F79EFBC}") = "TextCryptor", "TextCryptor\TextCryptor.csproj", "{98AEEBEB-9A40-4974-8217-6C48C30AF79E}"
EndProject
Global
	GlobalSection(SolutionConfigurationPlatforms) = preSolution
		Debug|Any CPU = Debug|Any CPU
		Release|Any CPU = Release|Any CPU
	EndGlobalSection
	GlobalSection(ProjectConfigurationPlatforms) = postSolution
		{98AEEBEB-9A40-4974-8217-6C48C30AF79E}.Debug|Any CPU.ActiveCfg = Debug|Any CPU
		{98AEEBEB-9A40-4974-8217-6C48C30AF79E}.Debug|Any CPU.Build.0 = Debug|Any CPU
		{98AEEBEB-9A40-4974-8217-6C48C30AF79E}.Release|Any CPU.ActiveCfg = Release|Any CPU
		{98AEEBEB-9A40-4974-8217-6C48C30AF79E}.Release|Any CPU.Build.0 = Release|Any CPU
	EndGlobalSection
	GlobalSection(SolutionProperties) = preSolution
		HideSolutionNode = FALSE
	EndGlobalSection
	GlobalSection(ExtensibilityGlobals) = postSolution
		SolutionGuid = {B42158A1-A8D6-4FAF-B4A9-AF99490D9604}
	EndGlobalSection
EndGlobal
