
Microsoft Visual Studio Solution File, Format Version 12.00
# Visual Studio Version 17
VisualStudioVersion = 17.9.34607.119
MinimumVisualStudioVersion = 10.0.40219.1
Project("{FAE04EC0-301F-11D3-BF4B-00C04F79EFBC}") = "GetUser", "GetUser\GetUser.csproj", "{1CBEC50D-7ED9-47AE-BA3C-863E21C6F38B}"
EndProject
Global
	GlobalSection(SolutionConfigurationPlatforms) = preSolution
		Debug|Any CPU = Debug|Any CPU
		Release|Any CPU = Release|Any CPU
	EndGlobalSection
	GlobalSection(ProjectConfigurationPlatforms) = postSolution
		{1CBEC50D-7ED9-47AE-BA3C-863E21C6F38B}.Debug|Any CPU.ActiveCfg = Debug|Any CPU
		{1CBEC50D-7ED9-47AE-BA3C-863E21C6F38B}.Debug|Any CPU.Build.0 = Debug|Any CPU
		{1CBEC50D-7ED9-47AE-BA3C-863E21C6F38B}.Release|Any CPU.ActiveCfg = Release|Any CPU
		{1CBEC50D-7ED9-47AE-BA3C-863E21C6F38B}.Release|Any CPU.Build.0 = Release|Any CPU
	EndGlobalSection
	GlobalSection(SolutionProperties) = preSolution
		HideSolutionNode = FALSE
	EndGlobalSection
	GlobalSection(ExtensibilityGlobals) = postSolution
		SolutionGuid = {14FC7AD6-2BD0-4C05-9166-4B2D91745097}
	EndGlobalSection
EndGlobal
